
Microsoft Visual Studio Solution File, Format Version 12.00
# Visual Studio 2012
Project("{FAE04EC0-301F-11D3-BF4B-00C04F79EFBC}") = "WindowsFormsApplication2", "WindowsFormsApplication2\WindowsFormsApplication2.csproj", "{F8519A0B-F613-43CF-8CD0-D1407D7DE633}"
EndProject
Global
	GlobalSection(SolutionConfigurationPlatforms) = preSolution
		Debug|Any CPU = Debug|Any CPU
		Release|Any CPU = Release|Any CPU
	EndGlobalSection
	GlobalSection(ProjectConfigurationPlatforms) = postSolution
		{F8519A0B-F613-43CF-8CD0-D1407D7DE633}.Debug|Any CPU.ActiveCfg = Debug|Any CPU
		{F8519A0B-F613-43CF-8CD0-D1407D7DE633}.Debug|Any CPU.Build.0 = Debug|Any CPU
		{F8519A0B-F613-43CF-8CD0-D1407D7DE633}.Release|Any CPU.ActiveCfg = Release|Any CPU
		{F8519A0B-F613-43CF-8CD0-D1407D7DE633}.Release|Any CPU.Build.0 = Release|Any CPU
	EndGlobalSection
	GlobalSection(SolutionProperties) = preSolution
		HideSolutionNode = FALSE
	EndGlobalSection
EndGlobal
